
Microsoft Visual Studio Solution File, Format Version 12.00
# Visual Studio Version 17
VisualStudioVersion = 17.2.32630.192
MinimumVisualStudioVersion = 10.0.40219.1
Project("{9A19103F-16F7-4668-BE54-9A1E7A4F7556}") = "WebAPIClient", "WebAPIClient.csproj", "{02BDFFD7-B23F-4491-895C-622C17C32D4E}"
EndProject
Global
	GlobalSection(SolutionConfigurationPlatforms) = preSolution
		Debug|Any CPU = Debug|Any CPU
		Release|Any CPU = Release|Any CPU
	EndGlobalSection
	GlobalSection(ProjectConfigurationPlatforms) = postSolution
		{02BDFFD7-B23F-4491-895C-622C17C32D4E}.Debug|Any CPU.ActiveCfg = Debug|Any CPU
		{02BDFFD7-B23F-4491-895C-622C17C32D4E}.Debug|Any CPU.Build.0 = Debug|Any CPU
		{02BDFFD7-B23F-4491-895C-622C17C32D4E}.Release|Any CPU.ActiveCfg = Release|Any CPU
		{02BDFFD7-B23F-4491-895C-622C17C32D4E}.Release|Any CPU.Build.0 = Release|Any CPU
	EndGlobalSection
	GlobalSection(SolutionProperties) = preSolution
		HideSolutionNode = FALSE
	EndGlobalSection
	GlobalSection(ExtensibilityGlobals) = postSolution
		SolutionGuid = {C6CF3616-99CB-4E63-87AD-DC8359BEA561}
	EndGlobalSection
EndGlobal
